train:
  cmd: python -m weasel run train
  script:
    - python -m spacy train configs/config.cfg --output training/ --paths.train corpus/train.spacy
      --paths.dev corpus/dev.spacy
  deps:
    - path: configs/config.cfg
      md5: dfc1d4165f5addd84e6afe43cb7f64ca
    - path: corpus/train.spacy
      md5: 2b0bb83657ebdd1e54181bb985e8ec90
    - path: corpus/dev.spacy
      md5: 1e24766363d346b7a9f45c9488771ecf
  outs:
    - path: training/model-best
      md5: 36b15225a03cc6ab3915433f2084b9f1
evaluate:
  cmd: python -m weasel run evaluate
  script:
    - python -m spacy evaluate training/model-best corpus/test.spacy --output training/metrics.json
  deps:
    - path: corpus/test.spacy
      md5: 606369492a009e657c39bab090ddee46
    - path: training/model-best
      md5: 5e7641b290e6404b7e6555b6c6106747
  outs:
    - path: training/metrics.json
      md5: 91f8cb1665e3c5eb224291b8307dd4b9
convert:
  cmd: python -m spacy run convert
  script:
    - python scripts/convert.py fr assets/train.json corpus/train.spacy
    - python scripts/convert.py fr assets/dev.json corpus/dev.spacy
    - python scripts/convert.py fr assets/test.json corpus/test.spacy
  deps:
    - path: assets/train.json
      md5: 90ac3aa173981b634c9be3ccd0e7049f
    - path: assets/dev.json
      md5: 77299a922115322a46851b2a0726ed52
    - path: assets/test.json
      md5: 90ac3aa173981b634c9be3ccd0e7049f
    - path: scripts/convert.py
      md5: b2f1d5e8dcadcca0699f50bd8195efdf
  outs:
    - path: corpus/train.spacy
      md5: 08c303f7a6fae6f6e4bc3e184b69afbd
    - path: corpus/dev.spacy
      md5: 8f1f613151ad748e031d1ed2d938b177
    - path: corpus/test.spacy
      md5: e6d244554547da04cd58654ee9efda1d
  spacy_version: 3.5.3
  spacy_git_version: '512241e12'
